
Microsoft Visual Studio Solution File, Format Version 11.00
# Visual Studio 2010
Project("{FAE04EC0-301F-11D3-BF4B-00C04F79EFBC}") = "MvcApplication1", "MvcApplication1\MvcApplication1.csproj", "{6C169F08-B861-4419-867F-5B9779BF4300}"
EndProject
Project("{FAE04EC0-301F-11D3-BF4B-00C04F79EFBC}") = "MvcApplication1.Tests", "MvcApplication1.Tests\MvcApplication1.Tests.csproj", "{66513098-0B94-48DF-BCF1-BEDA696E2F4B}"
EndProject
Global
	GlobalSection(SolutionConfigurationPlatforms) = preSolution
		Debug|Any CPU = Debug|Any CPU
		Release|Any CPU = Release|Any CPU
	EndGlobalSection
	GlobalSection(ProjectConfigurationPlatforms) = postSolution
		{6C169F08-B861-4419-867F-5B9779BF4300}.Debug|Any CPU.ActiveCfg = Debug|Any CPU
		{6C169F08-B861-4419-867F-5B9779BF4300}.Debug|Any CPU.Build.0 = Debug|Any CPU
		{6C169F08-B861-4419-867F-5B9779BF4300}.Release|Any CPU.ActiveCfg = Release|Any CPU
		{6C169F08-B861-4419-867F-5B9779BF4300}.Release|Any CPU.Build.0 = Release|Any CPU
		{66513098-0B94-48DF-BCF1-BEDA696E2F4B}.Debug|Any CPU.ActiveCfg = Debug|Any CPU
		{66513098-0B94-48DF-BCF1-BEDA696E2F4B}.Debug|Any CPU.Build.0 = Debug|Any CPU
		{66513098-0B94-48DF-BCF1-BEDA696E2F4B}.Release|Any CPU.ActiveCfg = Release|Any CPU
		{66513098-0B94-48DF-BCF1-BEDA696E2F4B}.Release|Any CPU.Build.0 = Release|Any CPU
	EndGlobalSection
	GlobalSection(SolutionProperties) = preSolution
		HideSolutionNode = FALSE
	EndGlobalSection
EndGlobal
